
Microsoft Visual Studio Solution File, Format Version 12.00
# Visual Studio Version 16
VisualStudioVersion = 16.0.29324.140
MinimumVisualStudioVersion = 10.0.40219.1
Project("{9A19103F-16F7-4668-BE54-9A1E7A4F7556}") = "Tripping", "Tripping\Tripping.csproj", "{266EB832-2EEB-498E-8949-E7325B751CD7}"
EndProject
Global
	GlobalSection(SolutionConfigurationPlatforms) = preSolution
		Debug|Any CPU = Debug|Any CPU
		Release|Any CPU = Release|Any CPU
	EndGlobalSection
	GlobalSection(ProjectConfigurationPlatforms) = postSolution
		{266EB832-2EEB-498E-8949-E7325B751CD7}.Debug|Any CPU.ActiveCfg = Debug|Any CPU
		{266EB832-2EEB-498E-8949-E7325B751CD7}.Debug|Any CPU.Build.0 = Debug|Any CPU
		{266EB832-2EEB-498E-8949-E7325B751CD7}.Release|Any CPU.ActiveCfg = Release|Any CPU
		{266EB832-2EEB-498E-8949-E7325B751CD7}.Release|Any CPU.Build.0 = Release|Any CPU
	EndGlobalSection
	GlobalSection(SolutionProperties) = preSolution
		HideSolutionNode = FALSE
	EndGlobalSection
	GlobalSection(ExtensibilityGlobals) = postSolution
		SolutionGuid = {F54969C9-02EF-4E4C-9D4F-3364F0764374}
	EndGlobalSection
EndGlobal
